
Microsoft Visual Studio Solution File, Format Version 12.00
# Visual Studio Version 17
VisualStudioVersion = 17.4.33213.308
MinimumVisualStudioVersion = 10.0.40219.1
Project("{2150E333-8FDC-42A3-9474-1A3956D46DE8}") = "API", "API", "{6A622B3A-2549-434E-A308-025EF3988B68}"
EndProject
Project("{2150E333-8FDC-42A3-9474-1A3956D46DE8}") = "Application", "Application", "{720A33FC-B1CA-4E72-83E4-937035B80F86}"
EndProject
Project("{2150E333-8FDC-42A3-9474-1A3956D46DE8}") = "BackgroundServices", "BackgroundServices", "{5C9549B1-972B-4C4E-B5D7-80FEEB3A0C33}"
EndProject
Project("{2150E333-8FDC-42A3-9474-1A3956D46DE8}") = "Data", "Data", "{2B559D38-D5C5-4137-8F2E-909BB06A5F82}"
EndProject
Project("{2150E333-8FDC-42A3-9474-1A3956D46DE8}") = "DTO", "DTO", "{95281918-745B-4F77-9CD6-65F0715934FF}"
EndProject
Project("{2150E333-8FDC-42A3-9474-1A3956D46DE8}") = "DataAccess", "DataAccess", "{4831E938-F865-4BB1-9777-E7AA439E7A85}"
EndProject
Project("{2150E333-8FDC-42A3-9474-1A3956D46DE8}") = "Domain", "Domain", "{761AFF8B-0C68-4F8A-A2D8-56479516D091}"
EndProject
Project("{2150E333-8FDC-42A3-9474-1A3956D46DE8}") = "Infrastructure", "Infrastructure", "{EB9A3D6B-7B8C-4A3B-BB74-8071C2B86FFD}"
EndProject
Project("{2150E333-8FDC-42A3-9474-1A3956D46DE8}") = "IoC", "IoC", "{B192299F-83E2-49B9-AA03-77756288AFB1}"
EndProject
Project("{FAE04EC0-301F-11D3-BF4B-00C04F79EFBC}") = "Event.API", "Event.API\Event.API.csproj", "{03BD3933-4AC2-4605-A111-74E1C88CC3E3}"
EndProject
Project("{FAE04EC0-301F-11D3-BF4B-00C04F79EFBC}") = "Event.Application", "Event.Application\Event.Application.csproj", "{B1E9552D-BD96-443F-9013-94CA6BA32771}"
EndProject
Project("{FAE04EC0-301F-11D3-BF4B-00C04F79EFBC}") = "Event.BackgroundServices", "Event.BackgroundServices\Event.BackgroundServices.csproj", "{E4299E8D-A1B9-4AFC-9D1E-502142F0766D}"
EndProject
Project("{FAE04EC0-301F-11D3-BF4B-00C04F79EFBC}") = "Event.Data", "Event.Data\Event.Data.csproj", "{6219AF76-7A8D-43D3-9E33-010AEDC3C0EB}"
EndProject
Project("{FAE04EC0-301F-11D3-BF4B-00C04F79EFBC}") = "Event.DataAccess", "Event.DataAccess\Event.DataAccess.csproj", "{2F9BBA8E-20FA-4C97-BCDD-E6C8E678265A}"
EndProject
Project("{FAE04EC0-301F-11D3-BF4B-00C04F79EFBC}") = "Event.Domain", "Event.Domain\Event.Domain.csproj", "{E15AC84B-443D-4989-A13A-A43889206A66}"
EndProject
Project("{FAE04EC0-301F-11D3-BF4B-00C04F79EFBC}") = "Event.DTO", "Event.DTO\Event.DTO.csproj", "{0CAE085F-9552-45BE-88B7-E0C5DE43538D}"
EndProject
Project("{FAE04EC0-301F-11D3-BF4B-00C04F79EFBC}") = "Event.Infrastructure", "Event.Infrastructure\Event.Infrastructure.csproj", "{EB1D1CCA-AE52-4792-BE10-285A18D78E09}"
EndProject
Project("{FAE04EC0-301F-11D3-BF4B-00C04F79EFBC}") = "Event.IoC", "Event.IoC\Event.IoC.csproj", "{9453124B-7784-4BCD-A709-1401A5A413A5}"
EndProject
Global
	GlobalSection(SolutionConfigurationPlatforms) = preSolution
		Debug|Any CPU = Debug|Any CPU
		Release|Any CPU = Release|Any CPU
	EndGlobalSection
	GlobalSection(ProjectConfigurationPlatforms) = postSolution
		{03BD3933-4AC2-4605-A111-74E1C88CC3E3}.Debug|Any CPU.ActiveCfg = Debug|Any CPU
		{03BD3933-4AC2-4605-A111-74E1C88CC3E3}.Debug|Any CPU.Build.0 = Debug|Any CPU
		{03BD3933-4AC2-4605-A111-74E1C88CC3E3}.Release|Any CPU.ActiveCfg = Release|Any CPU
		{03BD3933-4AC2-4605-A111-74E1C88CC3E3}.Release|Any CPU.Build.0 = Release|Any CPU
		{B1E9552D-BD96-443F-9013-94CA6BA32771}.Debug|Any CPU.ActiveCfg = Debug|Any CPU
		{B1E9552D-BD96-443F-9013-94CA6BA32771}.Debug|Any CPU.Build.0 = Debug|Any CPU
		{B1E9552D-BD96-443F-9013-94CA6BA32771}.Release|Any CPU.ActiveCfg = Release|Any CPU
		{B1E9552D-BD96-443F-9013-94CA6BA32771}.Release|Any CPU.Build.0 = Release|Any CPU
		{E4299E8D-A1B9-4AFC-9D1E-502142F0766D}.Debug|Any CPU.ActiveCfg = Debug|Any CPU
		{E4299E8D-A1B9-4AFC-9D1E-502142F0766D}.Debug|Any CPU.Build.0 = Debug|Any CPU
		{E4299E8D-A1B9-4AFC-9D1E-502142F0766D}.Release|Any CPU.ActiveCfg = Release|Any CPU
		{E4299E8D-A1B9-4AFC-9D1E-502142F0766D}.Release|Any CPU.Build.0 = Release|Any CPU
		{6219AF76-7A8D-43D3-9E33-010AEDC3C0EB}.Debug|Any CPU.ActiveCfg = Debug|Any CPU
		{6219AF76-7A8D-43D3-9E33-010AEDC3C0EB}.Debug|Any CPU.Build.0 = Debug|Any CPU
		{6219AF76-7A8D-43D3-9E33-010AEDC3C0EB}.Release|Any CPU.ActiveCfg = Release|Any CPU
		{6219AF76-7A8D-43D3-9E33-010AEDC3C0EB}.Release|Any CPU.Build.0 = Release|Any CPU
		{2F9BBA8E-20FA-4C97-BCDD-E6C8E678265A}.Debug|Any CPU.ActiveCfg = Debug|Any CPU
		{2F9BBA8E-20FA-4C97-BCDD-E6C8E678265A}.Debug|Any CPU.Build.0 = Debug|Any CPU
		{2F9BBA8E-20FA-4C97-BCDD-E6C8E678265A}.Release|Any CPU.ActiveCfg = Release|Any CPU
		{2F9BBA8E-20FA-4C97-BCDD-E6C8E678265A}.Release|Any CPU.Build.0 = Release|Any CPU
		{E15AC84B-443D-4989-A13A-A43889206A66}.Debug|Any CPU.ActiveCfg = Debug|Any CPU
		{E15AC84B-443D-4989-A13A-A43889206A66}.Debug|Any CPU.Build.0 = Debug|Any CPU
		{E15AC84B-443D-4989-A13A-A43889206A66}.Release|Any CPU.ActiveCfg = Release|Any CPU
		{E15AC84B-443D-4989-A13A-A43889206A66}.Release|Any CPU.Build.0 = Release|Any CPU
		{0CAE085F-9552-45BE-88B7-E0C5DE43538D}.Debug|Any CPU.ActiveCfg = Debug|Any CPU
		{0CAE085F-9552-45BE-88B7-E0C5DE43538D}.Debug|Any CPU.Build.0 = Debug|Any CPU
		{0CAE085F-9552-45BE-88B7-E0C5DE43538D}.Release|Any CPU.ActiveCfg = Release|Any CPU
		{0CAE085F-9552-45BE-88B7-E0C5DE43538D}.Release|Any CPU.Build.0 = Release|Any CPU
		{EB1D1CCA-AE52-4792-BE10-285A18D78E09}.Debug|Any CPU.ActiveCfg = Debug|Any CPU
		{EB1D1CCA-AE52-4792-BE10-285A18D78E09}.Debug|Any CPU.Build.0 = Debug|Any CPU
		{EB1D1CCA-AE52-4792-BE10-285A18D78E09}.Release|Any CPU.ActiveCfg = Release|Any CPU
		{EB1D1CCA-AE52-4792-BE10-285A18D78E09}.Release|Any CPU.Build.0 = Release|Any CPU
		{9453124B-7784-4BCD-A709-1401A5A413A5}.Debug|Any CPU.ActiveCfg = Debug|Any CPU
		{9453124B-7784-4BCD-A709-1401A5A413A5}.Debug|Any CPU.Build.0 = Debug|Any CPU
		{9453124B-7784-4BCD-A709-1401A5A413A5}.Release|Any CPU.ActiveCfg = Release|Any CPU
		{9453124B-7784-4BCD-A709-1401A5A413A5}.Release|Any CPU.Build.0 = Release|Any CPU
	EndGlobalSection
	GlobalSection(SolutionProperties) = preSolution
		HideSolutionNode = FALSE
	EndGlobalSection
	GlobalSection(NestedProjects) = preSolution
		{03BD3933-4AC2-4605-A111-74E1C88CC3E3} = {6A622B3A-2549-434E-A308-025EF3988B68}
		{B1E9552D-BD96-443F-9013-94CA6BA32771} = {720A33FC-B1CA-4E72-83E4-937035B80F86}
		{E4299E8D-A1B9-4AFC-9D1E-502142F0766D} = {5C9549B1-972B-4C4E-B5D7-80FEEB3A0C33}
		{6219AF76-7A8D-43D3-9E33-010AEDC3C0EB} = {2B559D38-D5C5-4137-8F2E-909BB06A5F82}
		{2F9BBA8E-20FA-4C97-BCDD-E6C8E678265A} = {4831E938-F865-4BB1-9777-E7AA439E7A85}
		{E15AC84B-443D-4989-A13A-A43889206A66} = {761AFF8B-0C68-4F8A-A2D8-56479516D091}
		{0CAE085F-9552-45BE-88B7-E0C5DE43538D} = {95281918-745B-4F77-9CD6-65F0715934FF}
		{EB1D1CCA-AE52-4792-BE10-285A18D78E09} = {EB9A3D6B-7B8C-4A3B-BB74-8071C2B86FFD}
		{9453124B-7784-4BCD-A709-1401A5A413A5} = {B192299F-83E2-49B9-AA03-77756288AFB1}
	EndGlobalSection
	GlobalSection(ExtensibilityGlobals) = postSolution
		SolutionGuid = {D45A04C7-E0B1-400D-AB68-5313861A95D3}
	EndGlobalSection
EndGlobal
